# This file is generated by running "yarn install" inside your project.
# Manual changes might be lost - proceed with caution!

__metadata:
  version: 8
  cacheKey: 10c0

"@babel/helper-string-parser@npm:^7.23.4":
  version: 7.23.4
  resolution: "@babel/helper-string-parser@npm:7.23.4"
  checksum: 10c0/f348d5637ad70b6b54b026d6544bd9040f78d24e7ec245a0fc42293968181f6ae9879c22d89744730d246ce8ec53588f716f102addd4df8bbc79b73ea10004ac
  languageName: node
  linkType: hard

"@babel/helper-validator-identifier@npm:^7.22.20":
  version: 7.22.20
  resolution: "@babel/helper-validator-identifier@npm:7.22.20"
  checksum: 10c0/dcad63db345fb110e032de46c3688384b0008a42a4845180ce7cd62b1a9c0507a1bed727c4d1060ed1a03ae57b4d918570259f81724aaac1a5b776056f37504e
  languageName: node
  linkType: hard

"@babel/parser@npm:^7.20.15":
  version: 7.24.0
  resolution: "@babel/parser@npm:7.24.0"
  bin:
    parser: ./bin/babel-parser.js
  checksum: 10c0/77593d0b9de9906823c4d653bb6cda1c7593837598516330f655f70cba6224a37def7dbe5b4dad0038482d407d8d209eb8be5f48ca9a13357d769f829c5adb8e
  languageName: node
  linkType: hard

"@babel/types@npm:^7.8.3":
  version: 7.24.0
  resolution: "@babel/types@npm:7.24.0"
  dependencies:
    "@babel/helper-string-parser": "npm:^7.23.4"
    "@babel/helper-validator-identifier": "npm:^7.22.20"
    to-fast-properties: "npm:^2.0.0"
  checksum: 10c0/777a0bb5dbe038ca4c905fdafb1cdb6bdd10fe9d63ce13eca0bd91909363cbad554a53dc1f902004b78c1dcbc742056f877f2c99eeedff647333b1fadf51235d
  languageName: node
  linkType: hard

"@jsdoc/salty@npm:^0.2.1":
  version: 0.2.7
  resolution: "@jsdoc/salty@npm:0.2.7"
  dependencies:
    lodash: "npm:^4.17.21"
  checksum: 10c0/12af140143ff4b3fdd9451f9d89cb5f4cb254e9ca91ac9dbd7ece1b338c490e602819965059e7fe2d9337d4cb44c9fe4fb27b88e65ac3821fed23ab88219f546
  languageName: node
  linkType: hard

"@protobufjs/aspromise@npm:^1.1.1, @protobufjs/aspromise@npm:^1.1.2":
  version: 1.1.2
  resolution: "@protobufjs/aspromise@npm:1.1.2"
  checksum: 10c0/a83343a468ff5b5ec6bff36fd788a64c839e48a07ff9f4f813564f58caf44d011cd6504ed2147bf34835bd7a7dd2107052af755961c6b098fd8902b4f6500d0f
  languageName: node
  linkType: hard

"@protobufjs/base64@npm:^1.1.2":
  version: 1.1.2
  resolution: "@protobufjs/base64@npm:1.1.2"
  checksum: 10c0/eec925e681081af190b8ee231f9bad3101e189abbc182ff279da6b531e7dbd2a56f1f306f37a80b1be9e00aa2d271690d08dcc5f326f71c9eed8546675c8caf6
  languageName: node
  linkType: hard

"@protobufjs/codegen@npm:^2.0.4":
  version: 2.0.4
  resolution: "@protobufjs/codegen@npm:2.0.4"
  checksum: 10c0/26ae337c5659e41f091606d16465bbcc1df1f37cc1ed462438b1f67be0c1e28dfb2ca9f294f39100c52161aef82edf758c95d6d75650a1ddf31f7ddee1440b43
  languageName: node
  linkType: hard

"@protobufjs/eventemitter@npm:^1.1.0":
  version: 1.1.0
  resolution: "@protobufjs/eventemitter@npm:1.1.0"
  checksum: 10c0/1eb0a75180e5206d1033e4138212a8c7089a3d418c6dfa5a6ce42e593a4ae2e5892c4ef7421f38092badba4040ea6a45f0928869989411001d8c1018ea9a6e70
  languageName: node
  linkType: hard

"@protobufjs/fetch@npm:^1.1.0":
  version: 1.1.0
  resolution: "@protobufjs/fetch@npm:1.1.0"
  dependencies:
    "@protobufjs/aspromise": "npm:^1.1.1"
    "@protobufjs/inquire": "npm:^1.1.0"
  checksum: 10c0/cda6a3dc2d50a182c5865b160f72077aac197046600091dbb005dd0a66db9cce3c5eaed6d470ac8ed49d7bcbeef6ee5f0bc288db5ff9a70cbd003e5909065233
  languageName: node
  linkType: hard

"@protobufjs/float@npm:^1.0.2":
  version: 1.0.2
  resolution: "@protobufjs/float@npm:1.0.2"
  checksum: 10c0/18f2bdede76ffcf0170708af15c9c9db6259b771e6b84c51b06df34a9c339dbbeec267d14ce0bddd20acc142b1d980d983d31434398df7f98eb0c94a0eb79069
  languageName: node
  linkType: hard

"@protobufjs/inquire@npm:^1.1.0":
  version: 1.1.0
  resolution: "@protobufjs/inquire@npm:1.1.0"
  checksum: 10c0/64372482efcba1fb4d166a2664a6395fa978b557803857c9c03500e0ac1013eb4b1aacc9ed851dd5fc22f81583670b4f4431bae186f3373fedcfde863ef5921a
  languageName: node
  linkType: hard

"@protobufjs/path@npm:^1.1.2":
  version: 1.1.2
  resolution: "@protobufjs/path@npm:1.1.2"
  checksum: 10c0/cece0a938e7f5dfd2fa03f8c14f2f1cf8b0d6e13ac7326ff4c96ea311effd5fb7ae0bba754fbf505312af2e38500250c90e68506b97c02360a43793d88a0d8b4
  languageName: node
  linkType: hard

"@protobufjs/pool@npm:^1.1.0":
  version: 1.1.0
  resolution: "@protobufjs/pool@npm:1.1.0"
  checksum: 10c0/eda2718b7f222ac6e6ad36f758a92ef90d26526026a19f4f17f668f45e0306a5bd734def3f48f51f8134ae0978b6262a5c517c08b115a551756d1a3aadfcf038
  languageName: node
  linkType: hard

"@protobufjs/utf8@npm:^1.1.0":
  version: 1.1.0
  resolution: "@protobufjs/utf8@npm:1.1.0"
  checksum: 10c0/a3fe31fe3fa29aa3349e2e04ee13dc170cc6af7c23d92ad49e3eeaf79b9766264544d3da824dba93b7855bd6a2982fb40032ef40693da98a136d835752beb487
  languageName: node
  linkType: hard

"@types/linkify-it@npm:*":
  version: 3.0.5
  resolution: "@types/linkify-it@npm:3.0.5"
  checksum: 10c0/696e09975991c649ba37c5585714929fdebf5c64a8bfb99910613ef838337dbbba6c608fccdfa03d6347432586ef12e139bc0e947ae6fec569096fef5cc1c550
  languageName: node
  linkType: hard

"@types/markdown-it@npm:^12.2.3":
  version: 12.2.3
  resolution: "@types/markdown-it@npm:12.2.3"
  dependencies:
    "@types/linkify-it": "npm:*"
    "@types/mdurl": "npm:*"
  checksum: 10c0/f72e08f69d76be2e30cd367fd6e5302c6878aa44e5b1a952fe7e41280044502bcb9bac8459ad94f6bb5e4f9c4cb52803950609ad66786f0fddc3a8bd533f777d
  languageName: node
  linkType: hard

"@types/mdurl@npm:*":
  version: 1.0.5
  resolution: "@types/mdurl@npm:1.0.5"
  checksum: 10c0/8991c781eb94fb3621e48e191251a94057908fc14be60f52bdd7c48684af923ffa77559ea979450a0475f85c08f8a472f99ff9c2ca4308961b9b9d35fd7584f7
  languageName: node
  linkType: hard

"@types/node@npm:>=13.7.0":
  version: 20.11.28
  resolution: "@types/node@npm:20.11.28"
  dependencies:
    undici-types: "npm:~5.26.4"
  checksum: 10c0/c599745243ed9ae4ca87460f18f88d02ab7424b545136aa504ed7a1d898e3a9bb133c927bcc7e861f79d7f6043ef917a173e780c8a001e129221e92f6d97b0ee
  languageName: node
  linkType: hard

"acorn-jsx@npm:^5.3.2":
  version: 5.3.2
  resolution: "acorn-jsx@npm:5.3.2"
  peerDependencies:
    acorn: ^6.0.0 || ^7.0.0 || ^8.0.0
  checksum: 10c0/4c54868fbef3b8d58927d5e33f0a4de35f59012fe7b12cf9dfbb345fb8f46607709e1c4431be869a23fb63c151033d84c4198fa9f79385cec34fcb1dd53974c1
  languageName: node
  linkType: hard

"acorn@npm:^8.9.0":
  version: 8.11.3
  resolution: "acorn@npm:8.11.3"
  bin:
    acorn: bin/acorn
  checksum: 10c0/3ff155f8812e4a746fee8ecff1f227d527c4c45655bb1fad6347c3cb58e46190598217551b1500f18542d2bbe5c87120cb6927f5a074a59166fbdd9468f0a299
  languageName: node
  linkType: hard

"ansi-styles@npm:^4.1.0":
  version: 4.3.0
  resolution: "ansi-styles@npm:4.3.0"
  dependencies:
    color-convert: "npm:^2.0.1"
  checksum: 10c0/895a23929da416f2bd3de7e9cb4eabd340949328ab85ddd6e484a637d8f6820d485f53933446f5291c3b760cbc488beb8e88573dd0f9c7daf83dccc8fe81b041
  languageName: node
  linkType: hard

"argparse@npm:^2.0.1":
  version: 2.0.1
  resolution: "argparse@npm:2.0.1"
  checksum: 10c0/c5640c2d89045371c7cedd6a70212a04e360fd34d6edeae32f6952c63949e3525ea77dbec0289d8213a99bbaeab5abfa860b5c12cf88a2e6cf8106e90dd27a7e
  languageName: node
  linkType: hard

"balanced-match@npm:^1.0.0":
  version: 1.0.2
  resolution: "balanced-match@npm:1.0.2"
  checksum: 10c0/9308baf0a7e4838a82bbfd11e01b1cb0f0cf2893bc1676c27c2a8c0e70cbae1c59120c3268517a8ae7fb6376b4639ef81ca22582611dbee4ed28df945134aaee
  languageName: node
  linkType: hard

"bluebird@npm:^3.7.2":
  version: 3.7.2
  resolution: "bluebird@npm:3.7.2"
  checksum: 10c0/680de03adc54ff925eaa6c7bb9a47a0690e8b5de60f4792604aae8ed618c65e6b63a7893b57ca924beaf53eee69c5af4f8314148c08124c550fe1df1add897d2
  languageName: node
  linkType: hard

"brace-expansion@npm:^2.0.1":
  version: 2.0.1
  resolution: "brace-expansion@npm:2.0.1"
  dependencies:
    balanced-match: "npm:^1.0.0"
  checksum: 10c0/b358f2fe060e2d7a87aa015979ecea07f3c37d4018f8d6deb5bd4c229ad3a0384fe6029bb76cd8be63c81e516ee52d1a0673edbe2023d53a5191732ae3c3e49f
  languageName: node
  linkType: hard

"catharsis@npm:^0.9.0":
  version: 0.9.0
  resolution: "catharsis@npm:0.9.0"
  dependencies:
    lodash: "npm:^4.17.15"
  checksum: 10c0/9ac03ca48154ac63cfdb6c1645481d9d04f3c3e0dea131debf3116a0c12aa47e8864be7dcf770932c46d75bdd844a99f0c116c234e57232ad1f427751498e7ed
  languageName: node
  linkType: hard

"chalk@npm:^4.0.0":
  version: 4.1.2
  resolution: "chalk@npm:4.1.2"
  dependencies:
    ansi-styles: "npm:^4.1.0"
    supports-color: "npm:^7.1.0"
  checksum: 10c0/4a3fef5cc34975c898ffe77141450f679721df9dde00f6c304353fa9c8b571929123b26a0e4617bde5018977eb655b31970c297b91b63ee83bb82aeb04666880
  languageName: node
  linkType: hard

"color-convert@npm:^2.0.1":
  version: 2.0.1
  resolution: "color-convert@npm:2.0.1"
  dependencies:
    color-name: "npm:~1.1.4"
  checksum: 10c0/37e1150172f2e311fe1b2df62c6293a342ee7380da7b9cfdba67ea539909afbd74da27033208d01d6d5cfc65ee7868a22e18d7e7648e004425441c0f8a15a7d7
  languageName: node
  linkType: hard

"color-name@npm:~1.1.4":
  version: 1.1.4
  resolution: "color-name@npm:1.1.4"
  checksum: 10c0/a1a3f914156960902f46f7f56bc62effc6c94e84b2cae157a526b1c1f74b677a47ec602bf68a61abfa2b42d15b7c5651c6dbe72a43af720bc588dff885b10f95
  languageName: node
  linkType: hard

"deep-is@npm:~0.1.3":
  version: 0.1.4
  resolution: "deep-is@npm:0.1.4"
  checksum: 10c0/7f0ee496e0dff14a573dc6127f14c95061b448b87b995fc96c017ce0a1e66af1675e73f1d6064407975bc4ea6ab679497a29fff7b5b9c4e99cb10797c1ad0b4c
  languageName: node
  linkType: hard

"entities@npm:~2.1.0":
  version: 2.1.0
  resolution: "entities@npm:2.1.0"
  checksum: 10c0/dd96ed95f7e017b7fbbcdd39bd6dc3dea6638f747c00610b53f23ea461ac409af87670f313805d85854bfce04f96e17d83575f75b3b2920365d78678ccd2a405
  languageName: node
  linkType: hard

"escape-string-regexp@npm:^2.0.0":
  version: 2.0.0
  resolution: "escape-string-regexp@npm:2.0.0"
  checksum: 10c0/2530479fe8db57eace5e8646c9c2a9c80fa279614986d16dcc6bcaceb63ae77f05a851ba6c43756d816c61d7f4534baf56e3c705e3e0d884818a46808811c507
  languageName: node
  linkType: hard

"escodegen@npm:^1.13.0":
  version: 1.14.3
  resolution: "escodegen@npm:1.14.3"
  dependencies:
    esprima: "npm:^4.0.1"
    estraverse: "npm:^4.2.0"
    esutils: "npm:^2.0.2"
    optionator: "npm:^0.8.1"
    source-map: "npm:~0.6.1"
  dependenciesMeta:
    source-map:
      optional: true
  bin:
    escodegen: bin/escodegen.js
    esgenerate: bin/esgenerate.js
  checksum: 10c0/30d337803e8f44308c90267bf6192399e4b44792497c77a7506b68ab802ba6a48ebbe1ce77b219aba13dfd2de5f5e1c267e35be1ed87b2a9c3315e8b283e302a
  languageName: node
  linkType: hard

"eslint-visitor-keys@npm:^3.4.1":
  version: 3.4.3
  resolution: "eslint-visitor-keys@npm:3.4.3"
  checksum: 10c0/92708e882c0a5ffd88c23c0b404ac1628cf20104a108c745f240a13c332a11aac54f49a22d5762efbffc18ecbc9a580d1b7ad034bf5f3cc3307e5cbff2ec9820
  languageName: node
  linkType: hard

"espree@npm:^9.0.0":
  version: 9.6.1
  resolution: "espree@npm:9.6.1"
  dependencies:
    acorn: "npm:^8.9.0"
    acorn-jsx: "npm:^5.3.2"
    eslint-visitor-keys: "npm:^3.4.1"
  checksum: 10c0/1a2e9b4699b715347f62330bcc76aee224390c28bb02b31a3752e9d07549c473f5f986720483c6469cf3cfb3c9d05df612ffc69eb1ee94b54b739e67de9bb460
  languageName: node
  linkType: hard

"esprima@npm:^4.0.1":
  version: 4.0.1
  resolution: "esprima@npm:4.0.1"
  bin:
    esparse: ./bin/esparse.js
    esvalidate: ./bin/esvalidate.js
  checksum: 10c0/ad4bab9ead0808cf56501750fd9d3fb276f6b105f987707d059005d57e182d18a7c9ec7f3a01794ebddcca676773e42ca48a32d67a250c9d35e009ca613caba3
  languageName: node
  linkType: hard

"estraverse@npm:^4.2.0":
  version: 4.3.0
  resolution: "estraverse@npm:4.3.0"
  checksum: 10c0/9cb46463ef8a8a4905d3708a652d60122a0c20bb58dec7e0e12ab0e7235123d74214fc0141d743c381813e1b992767e2708194f6f6e0f9fd00c1b4e0887b8b6d
  languageName: node
  linkType: hard

"estraverse@npm:^5.1.0":
  version: 5.3.0
  resolution: "estraverse@npm:5.3.0"
  checksum: 10c0/1ff9447b96263dec95d6d67431c5e0771eb9776427421260a3e2f0fdd5d6bd4f8e37a7338f5ad2880c9f143450c9b1e4fc2069060724570a49cf9cf0312bd107
  languageName: node
  linkType: hard

"esutils@npm:^2.0.2":
  version: 2.0.3
  resolution: "esutils@npm:2.0.3"
  checksum: 10c0/9a2fe69a41bfdade834ba7c42de4723c97ec776e40656919c62cbd13607c45e127a003f05f724a1ea55e5029a4cf2de444b13009f2af71271e42d93a637137c7
  languageName: node
  linkType: hard

"fast-levenshtein@npm:~2.0.6":
  version: 2.0.6
  resolution: "fast-levenshtein@npm:2.0.6"
  checksum: 10c0/111972b37338bcb88f7d9e2c5907862c280ebf4234433b95bc611e518d192ccb2d38119c4ac86e26b668d75f7f3894f4ff5c4982899afced7ca78633b08287c4
  languageName: node
  linkType: hard

"fs.realpath@npm:^1.0.0":
  version: 1.0.0
  resolution: "fs.realpath@npm:1.0.0"
  checksum: 10c0/444cf1291d997165dfd4c0d58b69f0e4782bfd9149fd72faa4fe299e68e0e93d6db941660b37dd29153bf7186672ececa3b50b7e7249477b03fdf850f287c948
  languageName: node
  linkType: hard

"glob@npm:^8.0.0":
  version: 8.1.0
  resolution: "glob@npm:8.1.0"
  dependencies:
    fs.realpath: "npm:^1.0.0"
    inflight: "npm:^1.0.4"
    inherits: "npm:2"
    minimatch: "npm:^5.0.1"
    once: "npm:^1.3.0"
  checksum: 10c0/cb0b5cab17a59c57299376abe5646c7070f8acb89df5595b492dba3bfb43d301a46c01e5695f01154e6553168207cb60d4eaf07d3be4bc3eb9b0457c5c561d0f
  languageName: node
  linkType: hard

"graceful-fs@npm:^4.1.9":
  version: 4.2.11
  resolution: "graceful-fs@npm:4.2.11"
  checksum: 10c0/386d011a553e02bc594ac2ca0bd6d9e4c22d7fa8cfbfc448a6d148c59ea881b092db9dbe3547ae4b88e55f1b01f7c4a2ecc53b310c042793e63aa44cf6c257f2
  languageName: node
  linkType: hard

"has-flag@npm:^4.0.0":
  version: 4.0.0
  resolution: "has-flag@npm:4.0.0"
  checksum: 10c0/2e789c61b7888d66993e14e8331449e525ef42aac53c627cc53d1c3334e768bcb6abdc4f5f0de1478a25beec6f0bd62c7549058b7ac53e924040d4f301f02fd1
  languageName: node
  linkType: hard

"inflight@npm:^1.0.4":
  version: 1.0.6
  resolution: "inflight@npm:1.0.6"
  dependencies:
    once: "npm:^1.3.0"
    wrappy: "npm:1"
  checksum: 10c0/7faca22584600a9dc5b9fca2cd5feb7135ac8c935449837b315676b4c90aa4f391ec4f42240178244b5a34e8bede1948627fda392ca3191522fc46b34e985ab2
  languageName: node
  linkType: hard

"inherits@npm:2":
  version: 2.0.4
  resolution: "inherits@npm:2.0.4"
  checksum: 10c0/4e531f648b29039fb7426fb94075e6545faa1eb9fe83c29f0b6d9e7263aceb4289d2d4557db0d428188eeb449cc7c5e77b0a0b2c4e248ff2a65933a0dee49ef2
  languageName: node
  linkType: hard

"js2xmlparser@npm:^4.0.2":
  version: 4.0.2
  resolution: "js2xmlparser@npm:4.0.2"
  dependencies:
    xmlcreate: "npm:^2.0.4"
  checksum: 10c0/b00de9351649d67d225e21734a08f456a4ecb3c29cafcd3bbecb36a8ab61ec841fad7f425bed50e21936fe387f472e49cfe75ce71d0beaacb0475b077c88ed39
  languageName: node
  linkType: hard

"jsdoc@npm:^4.0.0":
  version: 4.0.2
  resolution: "jsdoc@npm:4.0.2"
  dependencies:
    "@babel/parser": "npm:^7.20.15"
    "@jsdoc/salty": "npm:^0.2.1"
    "@types/markdown-it": "npm:^12.2.3"
    bluebird: "npm:^3.7.2"
    catharsis: "npm:^0.9.0"
    escape-string-regexp: "npm:^2.0.0"
    js2xmlparser: "npm:^4.0.2"
    klaw: "npm:^3.0.0"
    markdown-it: "npm:^12.3.2"
    markdown-it-anchor: "npm:^8.4.1"
    marked: "npm:^4.0.10"
    mkdirp: "npm:^1.0.4"
    requizzle: "npm:^0.2.3"
    strip-json-comments: "npm:^3.1.0"
    underscore: "npm:~1.13.2"
  bin:
    jsdoc: jsdoc.js
  checksum: 10c0/1320a49ea576e60cfe38e5912e0b6aab22e3861a76c1795afde2e02896b29e343abee4da0de6b82f1edb6ef6b6c4fc8e2ef41d0fe65a3522138b28b74b01e5c2
  languageName: node
  linkType: hard

"klaw@npm:^3.0.0":
  version: 3.0.0
  resolution: "klaw@npm:3.0.0"
  dependencies:
    graceful-fs: "npm:^4.1.9"
  checksum: 10c0/8391cf6df6337dce02e44628b620b39412d007eff162d907d37063c23986041d9b5c3558851d473c2fae92c1ccb0fde8864e36f9c55ac339fc469b517a2caa1b
  languageName: node
  linkType: hard

"levn@npm:~0.3.0":
  version: 0.3.0
  resolution: "levn@npm:0.3.0"
  dependencies:
    prelude-ls: "npm:~1.1.2"
    type-check: "npm:~0.3.2"
  checksum: 10c0/e440df9de4233da0b389cd55bd61f0f6aaff766400bebbccd1231b81801f6dbc1d816c676ebe8d70566394b749fa624b1ed1c68070e9c94999f0bdecc64cb676
  languageName: node
  linkType: hard

"linkify-it@npm:^3.0.1":
  version: 3.0.3
  resolution: "linkify-it@npm:3.0.3"
  dependencies:
    uc.micro: "npm:^1.0.1"
  checksum: 10c0/468cb4954f85cdfc16e169db89a42d65287e3f121a9448b29c3c00d64c6f5a8f4367bea3978ba9109a0e3a10b19d50632b983639f91b9be9f20d1f63a5ff5bc1
  languageName: node
  linkType: hard

"lodash@npm:^4.17.15, lodash@npm:^4.17.21":
  version: 4.17.21
  resolution: "lodash@npm:4.17.21"
  checksum: 10c0/d8cbea072bb08655bb4c989da418994b073a608dffa608b09ac04b43a791b12aeae7cd7ad919aa4c925f33b48490b5cfe6c1f71d827956071dae2e7bb3a6b74c
  languageName: node
  linkType: hard

"long@npm:^5.0.0":
  version: 5.2.3
  resolution: "long@npm:5.2.3"
  checksum: 10c0/6a0da658f5ef683b90330b1af76f06790c623e148222da9d75b60e266bbf88f803232dd21464575681638894a84091616e7f89557aa087fd14116c0f4e0e43d9
  languageName: node
  linkType: hard

"lru-cache@npm:^6.0.0":
  version: 6.0.0
  resolution: "lru-cache@npm:6.0.0"
  dependencies:
    yallist: "npm:^4.0.0"
  checksum: 10c0/cb53e582785c48187d7a188d3379c181b5ca2a9c78d2bce3e7dee36f32761d1c42983da3fe12b55cb74e1779fa94cdc2e5367c028a9b35317184ede0c07a30a9
  languageName: node
  linkType: hard

"markdown-it-anchor@npm:^8.4.1":
  version: 8.6.7
  resolution: "markdown-it-anchor@npm:8.6.7"
  peerDependencies:
    "@types/markdown-it": "*"
    markdown-it: "*"
  checksum: 10c0/f117866488013b7e4085a6b59d12bf62879181aef65ea2851f01ed1b763b8c052580c2c27fa8bd009421886220c6beeb373a65af9e885ce63a36ee9f8dcd0e89
  languageName: node
  linkType: hard

"markdown-it@npm:^12.3.2":
  version: 12.3.2
  resolution: "markdown-it@npm:12.3.2"
  dependencies:
    argparse: "npm:^2.0.1"
    entities: "npm:~2.1.0"
    linkify-it: "npm:^3.0.1"
    mdurl: "npm:^1.0.1"
    uc.micro: "npm:^1.0.5"
  bin:
    markdown-it: bin/markdown-it.js
  checksum: 10c0/7f97b924e6f90e2c5ccdfb486a19bd7885b938f568a86b527bf6f916a16b01a298e6739f86a99e77acb5e7c020f6c8b34bd726364179b3f820e48b2971a6450c
  languageName: node
  linkType: hard

"marked@npm:^4.0.10":
  version: 4.3.0
  resolution: "marked@npm:4.3.0"
  bin:
    marked: bin/marked.js
  checksum: 10c0/0013463855e31b9c88d8bb2891a611d10ef1dc79f2e3cbff1bf71ba389e04c5971298c886af0be799d7fa9aa4593b086a136062d59f1210b0480b026a8c5dc47
  languageName: node
  linkType: hard

"mdurl@npm:^1.0.1":
  version: 1.0.1
  resolution: "mdurl@npm:1.0.1"
  checksum: 10c0/ea8534341eb002aaa532a722daef6074cd8ca66202e10a2b4cda46722c1ebdb1da92197ac300bc953d3ef1bf41cd6561ef2cc69d82d5d0237dae00d4a61a4eee
  languageName: node
  linkType: hard

"minimatch@npm:^5.0.1":
  version: 5.1.6
  resolution: "minimatch@npm:5.1.6"
  dependencies:
    brace-expansion: "npm:^2.0.1"
  checksum: 10c0/3defdfd230914f22a8da203747c42ee3c405c39d4d37ffda284dac5e45b7e1f6c49aa8be606509002898e73091ff2a3bbfc59c2c6c71d4660609f63aa92f98e3
  languageName: node
  linkType: hard

"minimist@npm:^1.2.0":
  version: 1.2.8
  resolution: "minimist@npm:1.2.8"
  checksum: 10c0/19d3fcdca050087b84c2029841a093691a91259a47def2f18222f41e7645a0b7c44ef4b40e88a1e58a40c84d2ef0ee6047c55594d298146d0eb3f6b737c20ce6
  languageName: node
  linkType: hard

"mkdirp@npm:^1.0.4":
  version: 1.0.4
  resolution: "mkdirp@npm:1.0.4"
  bin:
    mkdirp: bin/cmd.js
  checksum: 10c0/46ea0f3ffa8bc6a5bc0c7081ffc3907777f0ed6516888d40a518c5111f8366d97d2678911ad1a6882bf592fa9de6c784fea32e1687bb94e1f4944170af48a5cf
  languageName: node
  linkType: hard

"once@npm:^1.3.0":
  version: 1.4.0
  resolution: "once@npm:1.4.0"
  dependencies:
    wrappy: "npm:1"
  checksum: 10c0/5d48aca287dfefabd756621c5dfce5c91a549a93e9fdb7b8246bc4c4790aa2ec17b34a260530474635147aeb631a2dcc8b32c613df0675f96041cbb8244517d0
  languageName: node
  linkType: hard

"optionator@npm:^0.8.1":
  version: 0.8.3
  resolution: "optionator@npm:0.8.3"
  dependencies:
    deep-is: "npm:~0.1.3"
    fast-levenshtein: "npm:~2.0.6"
    levn: "npm:~0.3.0"
    prelude-ls: "npm:~1.1.2"
    type-check: "npm:~0.3.2"
    word-wrap: "npm:~1.2.3"
  checksum: 10c0/ad7000ea661792b3ec5f8f86aac28895850988926f483b5f308f59f4607dfbe24c05df2d049532ee227c040081f39401a268cf7bbf3301512f74c4d760dc6dd8
  languageName: node
  linkType: hard

"prelude-ls@npm:~1.1.2":
  version: 1.1.2
  resolution: "prelude-ls@npm:1.1.2"
  checksum: 10c0/7284270064f74e0bb7f04eb9bff7be677e4146417e599ccc9c1200f0f640f8b11e592d94eb1b18f7aa9518031913bb42bea9c86af07ba69902864e61005d6f18
  languageName: node
  linkType: hard

"protobufjs-cli@npm:1.1.2":
  version: 1.1.2
  resolution: "protobufjs-cli@npm:1.1.2"
  dependencies:
    chalk: "npm:^4.0.0"
    escodegen: "npm:^1.13.0"
    espree: "npm:^9.0.0"
    estraverse: "npm:^5.1.0"
    glob: "npm:^8.0.0"
    jsdoc: "npm:^4.0.0"
    minimist: "npm:^1.2.0"
    semver: "npm:^7.1.2"
    tmp: "npm:^0.2.1"
    uglify-js: "npm:^3.7.7"
  peerDependencies:
    protobufjs: ^7.0.0
  bin:
    pbjs: bin/pbjs
    pbts: bin/pbts
  checksum: 10c0/931ff25204329d4c39ad3d6ae48b46349357de49a7061bd02ad3746ac4d9acd498c05f4d39eac8444ec8d39cae5c3f7e5738d45a461be2a0eb18d13c4bc0d549
  languageName: node
  linkType: hard

"protobufjs@npm:7.2.6":
  version: 7.2.6
  resolution: "protobufjs@npm:7.2.6"
  dependencies:
    "@protobufjs/aspromise": "npm:^1.1.2"
    "@protobufjs/base64": "npm:^1.1.2"
    "@protobufjs/codegen": "npm:^2.0.4"
    "@protobufjs/eventemitter": "npm:^1.1.0"
    "@protobufjs/fetch": "npm:^1.1.0"
    "@protobufjs/float": "npm:^1.0.2"
    "@protobufjs/inquire": "npm:^1.1.0"
    "@protobufjs/path": "npm:^1.1.2"
    "@protobufjs/pool": "npm:^1.1.0"
    "@protobufjs/utf8": "npm:^1.1.0"
    "@types/node": "npm:>=13.7.0"
    long: "npm:^5.0.0"
  checksum: 10c0/e164855536a43aa7941c7d95a2342e466f599d2e033ed89c5f5582fb0e3affeec702810091b850f3b700bfd646260b07bb4d8bb94c107cddcecd92de4d1d62fd
  languageName: node
  linkType: hard

"requizzle@npm:^0.2.3":
  version: 0.2.4
  resolution: "requizzle@npm:0.2.4"
  dependencies:
    lodash: "npm:^4.17.21"
  checksum: 10c0/ad138f987943aeda5f96cd1ccba9752c96352a729a7e3c3e2545568703f7fc9b978d9b46715803408ef178b0d61d36a4b1b506b367b7e78fe6d041fa5bfa5e06
  languageName: node
  linkType: hard

"semver@npm:^7.1.2":
  version: 7.6.0
  resolution: "semver@npm:7.6.0"
  dependencies:
    lru-cache: "npm:^6.0.0"
  bin:
    semver: bin/semver.js
  checksum: 10c0/fbfe717094ace0aa8d6332d7ef5ce727259815bd8d8815700853f4faf23aacbd7192522f0dc5af6df52ef4fa85a355ebd2f5d39f554bd028200d6cf481ab9b53
  languageName: node
  linkType: hard

"source-map@npm:~0.6.1":
  version: 0.6.1
  resolution: "source-map@npm:0.6.1"
  checksum: 10c0/ab55398007c5e5532957cb0beee2368529618ac0ab372d789806f5718123cc4367d57de3904b4e6a4170eb5a0b0f41373066d02ca0735a0c4d75c7d328d3e011
  languageName: node
  linkType: hard

"strip-json-comments@npm:^3.1.0":
  version: 3.1.1
  resolution: "strip-json-comments@npm:3.1.1"
  checksum: 10c0/9681a6257b925a7fa0f285851c0e613cc934a50661fa7bb41ca9cbbff89686bb4a0ee366e6ecedc4daafd01e83eee0720111ab294366fe7c185e935475ebcecd
  languageName: node
  linkType: hard

"supports-color@npm:^7.1.0":
  version: 7.2.0
  resolution: "supports-color@npm:7.2.0"
  dependencies:
    has-flag: "npm:^4.0.0"
  checksum: 10c0/afb4c88521b8b136b5f5f95160c98dee7243dc79d5432db7efc27efb219385bbc7d9427398e43dd6cc730a0f87d5085ce1652af7efbe391327bc0a7d0f7fc124
  languageName: node
  linkType: hard

"tmp@npm:^0.2.1":
  version: 0.2.3
  resolution: "tmp@npm:0.2.3"
  checksum: 10c0/3e809d9c2f46817475b452725c2aaa5d11985cf18d32a7a970ff25b568438e2c076c2e8609224feef3b7923fa9749b74428e3e634f6b8e520c534eef2fd24125
  languageName: node
  linkType: hard

"to-fast-properties@npm:^2.0.0":
  version: 2.0.0
  resolution: "to-fast-properties@npm:2.0.0"
  checksum: 10c0/b214d21dbfb4bce3452b6244b336806ffea9c05297148d32ebb428d5c43ce7545bdfc65a1ceb58c9ef4376a65c0cb2854d645f33961658b3e3b4f84910ddcdd7
  languageName: node
  linkType: hard

"ts_proto@workspace:.":
  version: 0.0.0-use.local
  resolution: "ts_proto@workspace:."
  dependencies:
    protobufjs: "npm:7.2.6"
    protobufjs-cli: "npm:1.1.2"
  languageName: unknown
  linkType: soft

"type-check@npm:~0.3.2":
  version: 0.3.2
  resolution: "type-check@npm:0.3.2"
  dependencies:
    prelude-ls: "npm:~1.1.2"
  checksum: 10c0/776217116b2b4e50e368c7ee0c22c0a85e982881c16965b90d52f216bc296d6a52ef74f9202d22158caacc092a7645b0b8d5fe529a96e3fe35d0fb393966c875
  languageName: node
  linkType: hard

"uc.micro@npm:^1.0.1, uc.micro@npm:^1.0.5":
  version: 1.0.6
  resolution: "uc.micro@npm:1.0.6"
  checksum: 10c0/9bde2afc6f2e24b899db6caea47dae778b88862ca76688d844ef6e6121dec0679c152893a74a6cfbd2e6fde34654e6bd8424fee8e0166cdfa6c9ae5d42b8a17b
  languageName: node
  linkType: hard

"uglify-js@npm:^3.7.7":
  version: 3.17.4
  resolution: "uglify-js@npm:3.17.4"
  bin:
    uglifyjs: bin/uglifyjs
  checksum: 10c0/8b7fcdca69deb284fed7d2025b73eb747ce37f9aca6af53422844f46427152d5440601b6e2a033e77856a2f0591e4167153d5a21b68674ad11f662034ec13ced
  languageName: node
  linkType: hard

"underscore@npm:~1.13.2":
  version: 1.13.6
  resolution: "underscore@npm:1.13.6"
  checksum: 10c0/5f57047f47273044c045fddeb8b141dafa703aa487afd84b319c2495de2e685cecd0b74abec098292320d518b267c0c4598e45aa47d4c3628d0d4020966ba521
  languageName: node
  linkType: hard

"undici-types@npm:~5.26.4":
  version: 5.26.5
  resolution: "undici-types@npm:5.26.5"
  checksum: 10c0/bb673d7876c2d411b6eb6c560e0c571eef4a01c1c19925175d16e3a30c4c428181fb8d7ae802a261f283e4166a0ac435e2f505743aa9e45d893f9a3df017b501
  languageName: node
  linkType: hard

"word-wrap@npm:~1.2.3":
  version: 1.2.5
  resolution: "word-wrap@npm:1.2.5"
  checksum: 10c0/e0e4a1ca27599c92a6ca4c32260e8a92e8a44f4ef6ef93f803f8ed823f486e0889fc0b93be4db59c8d51b3064951d25e43d434e95dc8c960cc3a63d65d00ba20
  languageName: node
  linkType: hard

"wrappy@npm:1":
  version: 1.0.2
  resolution: "wrappy@npm:1.0.2"
  checksum: 10c0/56fece1a4018c6a6c8e28fbc88c87e0fbf4ea8fd64fc6c63b18f4acc4bd13e0ad2515189786dd2c30d3eec9663d70f4ecf699330002f8ccb547e4a18231fc9f0
  languageName: node
  linkType: hard

"xmlcreate@npm:^2.0.4":
  version: 2.0.4
  resolution: "xmlcreate@npm:2.0.4"
  checksum: 10c0/fc4234e2d1942877d761d4f3d64410b54633d2ec60b13a5d56a6a06545aba39a0df8ed7ded10785a302f632eb4f0a4fedbf4bf10e17892e11d5075244b9e5705
  languageName: node
  linkType: hard

"yallist@npm:^4.0.0":
  version: 4.0.0
  resolution: "yallist@npm:4.0.0"
  checksum: 10c0/2286b5e8dbfe22204ab66e2ef5cc9bbb1e55dfc873bbe0d568aa943eb255d131890dfd5bf243637273d31119b870f49c18fcde2c6ffbb7a7a092b870dc90625a
  languageName: node
  linkType: hard
