lockfileVersion: '9.0'

settings:
  autoInstallPeers: true
  excludeLinksFromLockfile: false

importers:

  .:
    devDependencies:
      '@bazel/bazelisk':
        specifier: ^1.11.0
        version: 1.28.0

packages:

  '@bazel/bazelisk@1.28.0':
    resolution: {integrity: sha512-TuS0DzLV6Hu6zwuQsrZUeqfrs3vKF3hLGJfgTWy6fXTqoYv72SxgmJ6seep1/yzTHKcGMglO4S+KuIXGlmnGyw==}
    hasBin: true

snapshots:

  '@bazel/bazelisk@1.28.0': {}
