lockfileVersion: '9.0'

settings:
  autoInstallPeers: true
  excludeLinksFromLockfile: false

importers:

  .:
    devDependencies:
      '@bazel/bazelisk':
        specifier: ^1.11.0
        version: 1.28.1

packages:

  '@bazel/bazelisk@1.28.1':
    resolution: {integrity: sha512-K21x83NXOtd0yb2qzjMES3UV4xEWZ1q1vnXFhADA1u7IoiMVQkJAVQRK3oZ5txpnrGafY15HS+YYr2nmsEP4Tg==}
    hasBin: true

snapshots:

  '@bazel/bazelisk@1.28.1': {}
