lockfileVersion: '9.0'

settings:
  autoInstallPeers: true
  excludeLinksFromLockfile: false

importers:

  .:
    devDependencies:
      '@bazel/bazelisk':
        specifier: ^1.11.0
        version: 1.26.0

packages:

  '@bazel/bazelisk@1.26.0':
    resolution: {integrity: sha512-bTNcHdGyEQ9r7SczEYUa0gkEQhJo1ld2BjXI8fWBvsUeoHi03QpUs2HZgDbjjrpQFQqG2ZbO7ihZvH8MjhUTHw==}
    hasBin: true

snapshots:

  '@bazel/bazelisk@1.26.0': {}
