# THIS IS AN AUTOGENERATED FILE. DO NOT EDIT THIS FILE DIRECTLY.
# yarn lockfile v1


"@bazel/bazelisk@^1.11.0":
  version "1.11.0"
  resolved "https://registry.yarnpkg.com/@bazel/bazelisk/-/bazelisk-1.11.0.tgz#f98d8438b4c14e3328126618b96775d271caa5f8"
  integrity sha512-lxiQzVqSGDG0PIDQGJdVDjp7T+50p5NnM4EnRJa76mkZp6u5ul19GJNKhPKi81TZQALZEZDxAgxVqQKkWTUOxA==
